Microsoft Visual Studio Solution File, Format Version 12.00
# Visual Studio 15
VisualStudioVersion = 15.0.26510.0
MinimumVisualStudioVersion = 15.0.26124.0
Project("{2150E333-8FDC-42A3-9474-1A3956D46DE8}") = "src", "src", "{703E4FFC-3CDD-46A3-B2D3-4DBD5E070AE8}"
EndProject
Project("{9A19103F-16F7-4668-BE54-9A1E7A4F7556}") = "Core.Flash", "src\Core.Flash\Core.Flash.csproj", "{C3E23D05-959B-4FAD-88DD-321C6AEEE827}"
EndProject
Project("{2150E333-8FDC-42A3-9474-1A3956D46DE8}") = "samples", "samples", "{B90096D8-ADF2-4386-A01B-EB1F37E5EA3D}"
EndProject
Project("{9A19103F-16F7-4668-BE54-9A1E7A4F7556}") = "Core.Flash.Web", "samples\Core.Flash.Web\Core.Flash.Web.csproj", "{62736F36-AF36-4533-9703-0B963583BDA9}"
EndProject
Global
	GlobalSection(SolutionConfigurationPlatforms) = preSolution
		Debug|Any CPU = Debug|Any CPU
		Debug|x64 = Debug|x64
		Debug|x86 = Debug|x86
		Release|Any CPU = Release|Any CPU
		Release|x64 = Release|x64
		Release|x86 = Release|x86
	EndGlobalSection
	GlobalSection(ProjectConfigurationPlatforms) = postSolution
		{C3E23D05-959B-4FAD-88DD-321C6AEEE827}.Debug|Any CPU.ActiveCfg = Debug|Any CPU
		{C3E23D05-959B-4FAD-88DD-321C6AEEE827}.Debug|Any CPU.Build.0 = Debug|Any CPU
		{C3E23D05-959B-4FAD-88DD-321C6AEEE827}.Debug|x64.ActiveCfg = Debug|Any CPU
		{C3E23D05-959B-4FAD-88DD-321C6AEEE827}.Debug|x64.Build.0 = Debug|Any CPU
		{C3E23D05-959B-4FAD-88DD-321C6AEEE827}.Debug|x86.ActiveCfg = Debug|Any CPU
		{C3E23D05-959B-4FAD-88DD-321C6AEEE827}.Debug|x86.Build.0 = Debug|Any CPU
		{C3E23D05-959B-4FAD-88DD-321C6AEEE827}.Release|Any CPU.ActiveCfg = Release|Any CPU
		{C3E23D05-959B-4FAD-88DD-321C6AEEE827}.Release|Any CPU.Build.0 = Release|Any CPU
		{C3E23D05-959B-4FAD-88DD-321C6AEEE827}.Release|x64.ActiveCfg = Release|Any CPU
		{C3E23D05-959B-4FAD-88DD-321C6AEEE827}.Release|x64.Build.0 = Release|Any CPU
		{C3E23D05-959B-4FAD-88DD-321C6AEEE827}.Release|x86.ActiveCfg = Release|Any CPU
		{C3E23D05-959B-4FAD-88DD-321C6AEEE827}.Release|x86.Build.0 = Release|Any CPU
		{62736F36-AF36-4533-9703-0B963583BDA9}.Debug|Any CPU.ActiveCfg = Debug|Any CPU
		{62736F36-AF36-4533-9703-0B963583BDA9}.Debug|Any CPU.Build.0 = Debug|Any CPU
		{62736F36-AF36-4533-9703-0B963583BDA9}.Debug|x64.ActiveCfg = Debug|Any CPU
		{62736F36-AF36-4533-9703-0B963583BDA9}.Debug|x64.Build.0 = Debug|Any CPU
		{62736F36-AF36-4533-9703-0B963583BDA9}.Debug|x86.ActiveCfg = Debug|Any CPU
		{62736F36-AF36-4533-9703-0B963583BDA9}.Debug|x86.Build.0 = Debug|Any CPU
		{62736F36-AF36-4533-9703-0B963583BDA9}.Release|Any CPU.ActiveCfg = Release|Any CPU
		{62736F36-AF36-4533-9703-0B963583BDA9}.Release|Any CPU.Build.0 = Release|Any CPU
		{62736F36-AF36-4533-9703-0B963583BDA9}.Release|x64.ActiveCfg = Release|Any CPU
		{62736F36-AF36-4533-9703-0B963583BDA9}.Release|x64.Build.0 = Release|Any CPU
		{62736F36-AF36-4533-9703-0B963583BDA9}.Release|x86.ActiveCfg = Release|Any CPU
		{62736F36-AF36-4533-9703-0B963583BDA9}.Release|x86.Build.0 = Release|Any CPU
	EndGlobalSection
	GlobalSection(SolutionProperties) = preSolution
		HideSolutionNode = FALSE
	EndGlobalSection
	GlobalSection(NestedProjects) = preSolution
		{C3E23D05-959B-4FAD-88DD-321C6AEEE827} = {703E4FFC-3CDD-46A3-B2D3-4DBD5E070AE8}
		{62736F36-AF36-4533-9703-0B963583BDA9} = {B90096D8-ADF2-4386-A01B-EB1F37E5EA3D}
	EndGlobalSection
EndGlobal
